
Microsoft Visual Studio Solution File, Format Version 12.00
# Visual Studio 15
VisualStudioVersion = 15.0.27130.2024
MinimumVisualStudioVersion = 10.0.40219.1
Project("{9A19103F-16F7-4668-BE54-9A1E7A4F7556}") = "Student_WebAPI", "Student_WebAPI\Student_WebAPI.csproj", "{B609EC38-F23E-4F6C-999F-0DD98CECCE97}"
EndProject
Project("{9A19103F-16F7-4668-BE54-9A1E7A4F7556}") = "DataAccessLibrary", "DataAccessLibrary\DataAccessLibrary.csproj", "{3B8E38F3-2E15-4325-98E2-736ABBD7E11B}"
EndProject
Project("{FAE04EC0-301F-11D3-BF4B-00C04F79EFBC}") = "BusinessEntity", "BusinessEntity\BusinessEntity.csproj", "{62166460-212C-47BA-B285-E5CA8E453DBD}"
EndProject
Global
	GlobalSection(SolutionConfigurationPlatforms) = preSolution
		Debug|Any CPU = Debug|Any CPU
		Release|Any CPU = Release|Any CPU
	EndGlobalSection
	GlobalSection(ProjectConfigurationPlatforms) = postSolution
		{B609EC38-F23E-4F6C-999F-0DD98CECCE97}.Debug|Any CPU.ActiveCfg = Debug|Any CPU
		{B609EC38-F23E-4F6C-999F-0DD98CECCE97}.Debug|Any CPU.Build.0 = Debug|Any CPU
		{B609EC38-F23E-4F6C-999F-0DD98CECCE97}.Release|Any CPU.ActiveCfg = Release|Any CPU
		{B609EC38-F23E-4F6C-999F-0DD98CECCE97}.Release|Any CPU.Build.0 = Release|Any CPU
		{3B8E38F3-2E15-4325-98E2-736ABBD7E11B}.Debug|Any CPU.ActiveCfg = Debug|Any CPU
		{3B8E38F3-2E15-4325-98E2-736ABBD7E11B}.Debug|Any CPU.Build.0 = Debug|Any CPU
		{3B8E38F3-2E15-4325-98E2-736ABBD7E11B}.Release|Any CPU.ActiveCfg = Release|Any CPU
		{3B8E38F3-2E15-4325-98E2-736ABBD7E11B}.Release|Any CPU.Build.0 = Release|Any CPU
		{62166460-212C-47BA-B285-E5CA8E453DBD}.Debug|Any CPU.ActiveCfg = Debug|Any CPU
		{62166460-212C-47BA-B285-E5CA8E453DBD}.Debug|Any CPU.Build.0 = Debug|Any CPU
		{62166460-212C-47BA-B285-E5CA8E453DBD}.Release|Any CPU.ActiveCfg = Release|Any CPU
		{62166460-212C-47BA-B285-E5CA8E453DBD}.Release|Any CPU.Build.0 = Release|Any CPU
	EndGlobalSection
	GlobalSection(SolutionProperties) = preSolution
		HideSolutionNode = FALSE
	EndGlobalSection
	GlobalSection(ExtensibilityGlobals) = postSolution
		SolutionGuid = {A7676A0E-9310-4006-9CE2-7823D3D5DBA6}
	EndGlobalSection
EndGlobal
